
Microsoft Visual Studio Solution File, Format Version 12.00
# Visual Studio Version 16
VisualStudioVersion = 16.0.30804.86
MinimumVisualStudioVersion = 10.0.40219.1
Project("{FAE04EC0-301F-11D3-BF4B-00C04F79EFBC}") = "Typerr2", "Typerr2\Typerr2.csproj", "{FDC169ED-D1FD-4FBC-A717-FF06B6F2C2AA}"
EndProject
Project("{54435603-DBB4-11D2-8724-00A0C9A8B90C}") = "Setup", "Setup\Setup.vdproj", "{CCB6C5FA-D10F-447C-A3CB-76F635DA5F7A}"
EndProject
Global
	GlobalSection(SolutionConfigurationPlatforms) = preSolution
		Debug|Any CPU = Debug|Any CPU
		Release|Any CPU = Release|Any CPU
	EndGlobalSection
	GlobalSection(ProjectConfigurationPlatforms) = postSolution
		{FDC169ED-D1FD-4FBC-A717-FF06B6F2C2AA}.Debug|Any CPU.ActiveCfg = Debug|Any CPU
		{FDC169ED-D1FD-4FBC-A717-FF06B6F2C2AA}.Debug|Any CPU.Build.0 = Debug|Any CPU
		{FDC169ED-D1FD-4FBC-A717-FF06B6F2C2AA}.Release|Any CPU.ActiveCfg = Release|Any CPU
		{FDC169ED-D1FD-4FBC-A717-FF06B6F2C2AA}.Release|Any CPU.Build.0 = Release|Any CPU
		{CCB6C5FA-D10F-447C-A3CB-76F635DA5F7A}.Debug|Any CPU.ActiveCfg = Debug
		{CCB6C5FA-D10F-447C-A3CB-76F635DA5F7A}.Release|Any CPU.ActiveCfg = Release
	EndGlobalSection
	GlobalSection(SolutionProperties) = preSolution
		HideSolutionNode = FALSE
	EndGlobalSection
	GlobalSection(ExtensibilityGlobals) = postSolution
		SolutionGuid = {22CEB768-50D1-4B2C-834C-8EDA6B9CA0B9}
	EndGlobalSection
EndGlobal
